// !$*UTF8*$!
{
	archiveVersion = 1;
	classes = {
	};
	objectVersion = 46;
	objects = {

/* Begin PBXBuildFile section */
		FF2C8698196B910F0012583A /* main.m in Sources */ = {isa = PBXBuildFile; fileRef = FF2C8697196B910F0012583A /* main.m */; };
		FF2C869B196B910F0012583A /* AppDelegate.m in Sources */ = {isa = PBXBuildFile; fileRef = FF2C869A196B910F0012583A /* AppDelegate.m */; };
		FF2C869E196B910F0012583A /* ViewController.m in Sources */ = {isa = PBXBuildFile; fileRef = FF2C869D196B910F0012583A /* ViewController.m */; };
		FF2C86A1196B910F0012583A /* Main.storyboard in Resources */ = {isa = PBXBuildFile; fileRef = FF2C869F196B910F0012583A /* Main.storyboard */; };
		FF2C86A3196B910F0012583A /* Images.xcassets in Resources */ = {isa = PBXBuildFile; fileRef = FF2C86A2196B910F0012583A /* Images.xcassets */; };
		FF2C86AF196B910F0012583A /* Age_of_LaikaTests.m in Sources */ = {isa = PBXBuildFile; fileRef = FF2C86AE196B910F0012583A /* Age_of_LaikaTests.m */; };
		FFF84A18196BA35900510B6A /* laika.jpg in Resources */ = {isa = PBXBuildFile; fileRef = FFF84A17196BA35900510B6A /* laika.jpg */; };
/* End PBXBuildFile section */

/* Begin PBXContainerItemProxy section */
		FF2C86A9196B910F0012583A /* PBXContainerItemProxy */ = {
			isa = PBXContainerItemProxy;
			containerPortal = FF2C868A196B910E0012583A /* Project object */;
			proxyType = 1;
			remoteGlobalIDString = FF2C8691196B910F0012583A;
			remoteInfo = "Age of Laika";
		};
/* End PBXContainerItemProxy section */

/* Begin PBXFileReference section */
		FF2C8692196B910F0012583A /* Age of Laika.app */ = {isa = PBXFileReference; explicitFileType = wrapper.application; includeInIndex = 0; path = "Age of Laika.app"; sourceTree = BUILT_PRODUCTS_DIR; };
		FF2C8696196B910F0012583A /* Info.plist */ = {isa = PBXFileReference; lastKnownFileType = text.plist.xml; path = Info.plist; sourceTree = "<group>"; };
		FF2C8697196B910F0012583A /* main.m */ = {isa = PBXFileReference; lastKnownFileType = sourcecode.c.objc; path = main.m; sourceTree = "<group>"; };
		FF2C8699196B910F0012583A /* AppDelegate.h */ = {isa = PBXFileReference; lastKnownFileType = sourcecode.c.h; path = AppDelegate.h; sourceTree = "<group>"; };
		FF2C869A196B910F0012583A /* AppDelegate.m */ = {isa = PBXFileReference; lastKnownFileType = sourcecode.c.objc; path = AppDelegate.m; sourceTree = "<group>"; };
		FF2C869C196B910F0012583A /* ViewController.h */ = {isa = PBXFileReference; lastKnownFileType = sourcecode.c.h; path = ViewController.h; sourceTree = "<group>"; };
		FF2C869D196B910F0012583A /* ViewController.m */ = {isa = PBXFileReference; lastKnownFileType = sourcecode.c.objc; path = ViewController.m; sourceTree = "<group>"; };
		FF2C86A0196B910F0012583A /* Base */ = {isa = PBXFileReference; lastKnownFileType = file.storyboard; name = Base; path = Base.lproj/Main.storyboard; sourceTree = "<group>"; };
		FF2C86A2196B910F0012583A /* Images.xcassets */ = {isa = PBXFileReference; lastKnownFileType = folder.assetcatalog; path = Images.xcassets; sourceTree = "<group>"; };
		FF2C86A8196B910F0012583A /* Age of LaikaTests.xctest */ = {isa = PBXFileReference; explicitFileType = wrapper.cfbundle; includeInIndex = 0; path = "Age of LaikaTests.xctest"; sourceTree = BUILT_PRODUCTS_DIR; };
		FF2C86AD196B910F0012583A /* Info.plist */ = {isa = PBXFileReference; lastKnownFileType = text.plist.xml; path = Info.plist; sourceTree = "<group>"; };
		FF2C86AE196B910F0012583A /* Age_of_LaikaTests.m */ = {isa = PBXFileReference; lastKnownFileType = sourcecode.c.objc; path = Age_of_LaikaTests.m; sourceTree = "<group>"; };
		FFF84A17196BA35900510B6A /* laika.jpg */ = {isa = PBXFileReference; lastKnownFileType = image.jpeg; path = laika.jpg; sourceTree = "<group>"; };
/* End PBXFileReference section */

/* Begin PBXFrameworksBuildPhase section */
		FF2C868F196B910F0012583A /* Frameworks */ = {
			isa = PBXFrameworksBuildPhase;
			buildActionMask = 2147483647;
			files = (
			);
			runOnlyForDeploymentPostprocessing = 0;
		};
		FF2C86A5196B910F0012583A /* Frameworks */ = {
			isa = PBXFrameworksBuildPhase;
			buildActionMask = 2147483647;
			files = (
			);
			runOnlyForDeploymentPostprocessing = 0;
		};
/* End PBXFrameworksBuildPhase section */

/* Begin PBXGroup section */
		FF2C8689196B910E0012583A = {
			isa = PBXGroup;
			children = (
				FF2C8694196B910F0012583A /* Age of Laika */,
				FF2C86AB196B910F0012583A /* Age of LaikaTests */,
				FF2C8693196B910F0012583A /* Products */,
			);
			sourceTree = "<group>";
		};
		FF2C8693196B910F0012583A /* Products */ = {
			isa = PBXGroup;
			children = (
				FF2C8692196B910F0012583A /* Age of Laika.app */,
				FF2C86A8196B910F0012583A /* Age of LaikaTests.xctest */,
			);
			name = Products;
			sourceTree = "<group>";
		};
		FF2C8694196B910F0012583A /* Age of Laika */ = {
			isa = PBXGroup;
			children = (
				FFF84A17196BA35900510B6A /* laika.jpg */,
				FF2C8699196B910F0012583A /* AppDelegate.h */,
				FF2C869A196B910F0012583A /* AppDelegate.m */,
				FF2C869C196B910F0012583A /* ViewController.h */,
				FF2C869D196B910F0012583A /* ViewController.m */,
				FF2C869F196B910F0012583A /* Main.storyboard */,
				FF2C86A2196B910F0012583A /* Images.xcassets */,
				FF2C8695196B910F0012583A /* Supporting Files */,
			);
			path = "Age of Laika";
			sourceTree = "<group>";
		};
		FF2C8695196B910F0012583A /* Supporting Files */ = {
			isa = PBXGroup;
			children = (
				FF2C8696196B910F0012583A /* Info.plist */,
				FF2C8697196B910F0012583A /* main.m */,
			);
			name = "Supporting Files";
			sourceTree = "<group>";
		};
		FF2C86AB196B910F0012583A /* Age of LaikaTests */ = {
			isa = PBXGroup;
			children = (
				FF2C86AE196B910F0012583A /* Age_of_LaikaTests.m */,
				FF2C86AC196B910F0012583A /* Supporting Files */,
			);
			path = "Age of LaikaTests";
			sourceTree = "<group>";
		};
		FF2C86AC196B910F0012583A /* Supporting Files */ = {
			isa = PBXGroup;
			children = (
				FF2C86AD196B910F0012583A /* Info.plist */,
			);
			name = "Supporting Files";
			sourceTree = "<group>";
		};
/* End PBXGroup section */

/* Begin PBXNativeTarget section */
		FF2C8691196B910F0012583A /* Age of Laika */ = {
			isa = PBXNativeTarget;
			buildConfigurationList = FF2C86B2196B910F0012583A /* Build configuration list for PBXNativeTarget "Age of Laika" */;
			buildPhases = (
				FF2C868E196B910F0012583A /* Sources */,
				FF2C868F196B910F0012583A /* Frameworks */,
				FF2C8690196B910F0012583A /* Resources */,
			);
			buildRules = (
			);
			dependencies = (
			);
			name = "Age of Laika";
			productName = "Age of Laika";
			productReference = FF2C8692196B910F0012583A /* Age of Laika.app */;
			productType = "com.apple.product-type.application";
		};
		FF2C86A7196B910F0012583A /* Age of LaikaTests */ = {
			isa = PBXNativeTarget;
			buildConfigurationList = FF2C86B5196B910F0012583A /* Build configuration list for PBXNativeTarget "Age of LaikaTests" */;
			buildPhases = (
				FF2C86A4196B910F0012583A /* Sources */,
				FF2C86A5196B910F0012583A /* Frameworks */,
				FF2C86A6196B910F0012583A /* Resources */,
			);
			buildRules = (
			);
			dependencies = (
				FF2C86AA196B910F0012583A /* PBXTargetDependency */,
			);
			name = "Age of LaikaTests";
			productName = "Age of LaikaTests";
			productReference = FF2C86A8196B910F0012583A /* Age of LaikaTests.xctest */;
			productType = "com.apple.product-type.bundle.unit-test";
		};
/* End PBXNativeTarget section */

/* Begin PBXProject section */
		FF2C868A196B910E0012583A /* Project object */ = {
			isa = PBXProject;
			attributes = {
				LastUpgradeCheck = 0600;
				ORGANIZATIONNAME = bonobo;
				TargetAttributes = {
					FF2C8691196B910F0012583A = {
						CreatedOnToolsVersion = 6.0;
					};
					FF2C86A7196B910F0012583A = {
						CreatedOnToolsVersion = 6.0;
						TestTargetID = FF2C8691196B910F0012583A;
					};
				};
			};
			buildConfigurationList = FF2C868D196B910E0012583A /* Build configuration list for PBXProject "Age of Laika" */;
			compatibilityVersion = "Xcode 3.2";
			developmentRegion = English;
			hasScannedForEncodings = 0;
			knownRegions = (
				en,
				Base,
			);
			mainGroup = FF2C8689196B910E0012583A;
			productRefGroup = FF2C8693196B910F0012583A /* Products */;
			projectDirPath = "";
			projectRoot = "";
			targets = (
				FF2C8691196B910F0012583A /* Age of Laika */,
				FF2C86A7196B910F0012583A /* Age of LaikaTests */,
			);
		};
/* End PBXProject section */

/* Begin PBXResourcesBuildPhase section */
		FF2C8690196B910F0012583A /* Resources */ = {
			isa = PBXResourcesBuildPhase;
			buildActionMask = 2147483647;
			files = (
				FF2C86A1196B910F0012583A /* Main.storyboard in Resources */,
				FF2C86A3196B910F0012583A /* Images.xcassets in Resources */,
				FFF84A18196BA35900510B6A /* laika.jpg in Resources */,
			);
			runOnlyForDeploymentPostprocessing = 0;
		};
		FF2C86A6196B910F0012583A /* Resources */ = {
			isa = PBXResourcesBuildPhase;
			buildActionMask = 2147483647;
			files = (
			);
			runOnlyForDeploymentPostprocessing = 0;
		};
/* End PBXResourcesBuildPhase section */

/* Begin PBXSourcesBuildPhase section */
		FF2C868E196B910F0012583A /* Sources */ = {
			isa = PBXSourcesBuildPhase;
			buildActionMask = 2147483647;
			files = (
				FF2C869E196B910F0012583A /* ViewController.m in Sources */,
				FF2C869B196B910F0012583A /* AppDelegate.m in Sources */,
				FF2C8698196B910F0012583A /* main.m in Sources */,
			);
			runOnlyForDeploymentPostprocessing = 0;
		};
		FF2C86A4196B910F0012583A /* Sources */ = {
			isa = PBXSourcesBuildPhase;
			buildActionMask = 2147483647;
			files = (
				FF2C86AF196B910F0012583A /* Age_of_LaikaTests.m in Sources */,
			);
			runOnlyForDeploymentPostprocessing = 0;
		};
/* End PBXSourcesBuildPhase section */

/* Begin PBXTargetDependency section */
		FF2C86AA196B910F0012583A /* PBXTargetDependency */ = {
			isa = PBXTargetDependency;
			target = FF2C8691196B910F0012583A /* Age of Laika */;
			targetProxy = FF2C86A9196B910F0012583A /* PBXContainerItemProxy */;
		};
/* End PBXTargetDependency section */

/* Begin PBXVariantGroup section */
		FF2C869F196B910F0012583A /* Main.storyboard */ = {
			isa = PBXVariantGroup;
			children = (
				FF2C86A0196B910F0012583A /* Base */,
			);
			name = Main.storyboard;
			sourceTree = "<group>";
		};
/* End PBXVariantGroup section */

/* Begin XCBuildConfiguration section */
		FF2C86B0196B910F0012583A /* Debug */ = {
			isa = XCBuildConfiguration;
			buildSettings = {
				ALWAYS_SEARCH_USER_PATHS = NO;
				CLANG_CXX_LANGUAGE_STANDARD = "gnu++0x";
				CLANG_CXX_LIBRARY = "libc++";
				CLANG_ENABLE_MODULES = YES;
				CLANG_ENABLE_OBJC_ARC = YES;
				CLANG_WARN_BOOL_CONVERSION = YES;
				CLANG_WARN_CONSTANT_CONVERSION = YES;
				CLANG_WARN_DIRECT_OBJC_ISA_USAGE = YES_ERROR;
				CLANG_WARN_EMPTY_BODY = YES;
				CLANG_WARN_ENUM_CONVERSION = YES;
				CLANG_WARN_INT_CONVERSION = YES;
				CLANG_WARN_OBJC_ROOT_CLASS = YES_ERROR;
				CLANG_WARN_UNREACHABLE_CODE = YES;
				CLANG_WARN__DUPLICATE_METHOD_MATCH = YES;
				"CODE_SIGN_IDENTITY[sdk=iphoneos*]" = "iPhone Developer";
				COPY_PHASE_STRIP = NO;
				ENABLE_STRICT_OBJC_MSGSEND = YES;
				GCC_C_LANGUAGE_STANDARD = gnu99;
				GCC_DYNAMIC_NO_PIC = NO;
				GCC_OPTIMIZATION_LEVEL = 0;
				GCC_PREPROCESSOR_DEFINITIONS = (
					"DEBUG=1",
					"$(inherited)",
				);
				GCC_SYMBOLS_PRIVATE_EXTERN = NO;
				GCC_WARN_64_TO_32_BIT_CONVERSION = YES;
				GCC_WARN_ABOUT_RETURN_TYPE = YES_ERROR;
				GCC_WARN_UNDECLARED_SELECTOR = YES;
				GCC_WARN_UNINITIALIZED_AUTOS = YES_AGGRESSIVE;
				GCC_WARN_UNUSED_FUNCTION = YES;
				GCC_WARN_UNUSED_VARIABLE = YES;
				IPHONEOS_DEPLOYMENT_TARGET = 8.0;
				METAL_ENABLE_DEBUG_INFO = YES;
				ONLY_ACTIVE_ARCH = YES;
				SDKROOT = iphoneos;
			};
			name = Debug;
		};
		FF2C86B1196B910F0012583A /* Release */ = {
			isa = XCBuildConfiguration;
			buildSettings = {
				ALWAYS_SEARCH_USER_PATHS = NO;
				CLANG_CXX_LANGUAGE_STANDARD = "gnu++0x";
				CLANG_CXX_LIBRARY = "libc++";
				CLANG_ENABLE_MODULES = YES;
				CLANG_ENABLE_OBJC_ARC = YES;
				CLANG_WARN_BOOL_CONVERSION = YES;
				CLANG_WARN_CONSTANT_CONVERSION = YES;
				CLANG_WARN_DIRECT_OBJC_ISA_USAGE = YES_ERROR;
				CLANG_WARN_EMPTY_BODY = YES;
				CLANG_WARN_ENUM_CONVERSION = YES;
				CLANG_WARN_INT_CONVERSION = YES;
				CLANG_WARN_OBJC_ROOT_CLASS = YES_ERROR;
				CLANG_WARN_UNREACHABLE_CODE = YES;
				CLANG_WARN__DUPLICATE_METHOD_MATCH = YES;
				"CODE_SIGN_IDENTITY[sdk=iphoneos*]" = "iPhone Developer";
				COPY_PHASE_STRIP = YES;
				ENABLE_NS_ASSERTIONS = NO;
				ENABLE_STRICT_OBJC_MSGSEND = YES;
				GCC_C_LANGUAGE_STANDARD = gnu99;
				GCC_WARN_64_TO_32_BIT_CONVERSION = YES;
				GCC_WARN_ABOUT_RETURN_TYPE = YES_ERROR;
				GCC_WARN_UNDECLARED_SELECTOR = YES;
				GCC_WARN_UNINITIALIZED_AUTOS = YES_AGGRESSIVE;
				GCC_WARN_UNUSED_FUNCTION = YES;
				GCC_WARN_UNUSED_VARIABLE = YES;
				IPHONEOS_DEPLOYMENT_TARGET = 8.0;
				METAL_ENABLE_DEBUG_INFO = NO;
				SDKROOT = iphoneos;
				VALIDATE_PRODUCT = YES;
			};
			name = Release;
		};
		FF2C86B3196B910F0012583A /* Debug */ = {
			isa = XCBuildConfiguration;
			buildSettings = {
				ASSETCATALOG_COMPILER_APPICON_NAME = AppIcon;
				ASSETCATALOG_COMPILER_LAUNCHIMAGE_NAME = LaunchImage;
				INFOPLIST_FILE = "Age of Laika/Info.plist";
				LD_RUNPATH_SEARCH_PATHS = "$(inherited) @executable_path/Frameworks";
				PRODUCT_NAME = "$(TARGET_NAME)";
			};
			name = Debug;
		};
		FF2C86B4196B910F0012583A /* Release */ = {
			isa = XCBuildConfiguration;
			buildSettings = {
				ASSETCATALOG_COMPILER_APPICON_NAME = AppIcon;
				ASSETCATALOG_COMPILER_LAUNCHIMAGE_NAME = LaunchImage;
				INFOPLIST_FILE = "Age of Laika/Info.plist";
				LD_RUNPATH_SEARCH_PATHS = "$(inherited) @executable_path/Frameworks";
				PRODUCT_NAME = "$(TARGET_NAME)";
			};
			name = Release;
		};
		FF2C86B6196B910F0012583A /* Debug */ = {
			isa = XCBuildConfiguration;
			buildSettings = {
				BUNDLE_LOADER = "$(BUILT_PRODUCTS_DIR)/Age of Laika.app/Age of Laika";
				FRAMEWORK_SEARCH_PATHS = (
					"$(SDKROOT)/Developer/Library/Frameworks",
					"$(inherited)",
				);
				GCC_PREPROCESSOR_DEFINITIONS = (
					"DEBUG=1",
					"$(inherited)",
				);
				INFOPLIST_FILE = "Age of LaikaTests/Info.plist";
				LD_RUNPATH_SEARCH_PATHS = "$(inherited) @executable_path/Frameworks @loader_path/Frameworks";
				METAL_ENABLE_DEBUG_INFO = YES;
				PRODUCT_NAME = "$(TARGET_NAME)";
				TEST_HOST = "$(BUNDLE_LOADER)";
			};
			name = Debug;
		};
		FF2C86B7196B910F0012583A /* Release */ = {
			isa = XCBuildConfiguration;
			buildSettings = {
				BUNDLE_LOADER = "$(BUILT_PRODUCTS_DIR)/Age of Laika.app/Age of Laika";
				FRAMEWORK_SEARCH_PATHS = (
					"$(SDKROOT)/Developer/Library/Frameworks",
					"$(inherited)",
				);
				INFOPLIST_FILE = "Age of LaikaTests/Info.plist";
				LD_RUNPATH_SEARCH_PATHS = "$(inherited) @executable_path/Frameworks @loader_path/Frameworks";
				METAL_ENABLE_DEBUG_INFO = NO;
				PRODUCT_NAME = "$(TARGET_NAME)";
				TEST_HOST = "$(BUNDLE_LOADER)";
			};
			name = Release;
		};
/* End XCBuildConfiguration section */

/* Begin XCConfigurationList section */
		FF2C868D196B910E0012583A /* Build configuration list for PBXProject "Age of Laika" */ = {
			isa = XCConfigurationList;
			buildConfigurations = (
				FF2C86B0196B910F0012583A /* Debug */,
				FF2C86B1196B910F0012583A /* Release */,
			);
			defaultConfigurationIsVisible = 0;
			defaultConfigurationName = Release;
		};
		FF2C86B2196B910F0012583A /* Build configuration list for PBXNativeTarget "Age of Laika" */ = {
			isa = XCConfigurationList;
			buildConfigurations = (
				FF2C86B3196B910F0012583A /* Debug */,
				FF2C86B4196B910F0012583A /* Release */,
			);
			defaultConfigurationIsVisible = 0;
			defaultConfigurationName = Release;
		};
		FF2C86B5196B910F0012583A /* Build configuration list for PBXNativeTarget "Age of LaikaTests" */ = {
			isa = XCConfigurationList;
			buildConfigurations = (
				FF2C86B6196B910F0012583A /* Debug */,
				FF2C86B7196B910F0012583A /* Release */,
			);
			defaultConfigurationIsVisible = 0;
			defaultConfigurationName = Release;
		};
/* End XCConfigurationList section */
	};
	rootObject = FF2C868A196B910E0012583A /* Project object */;
}
