// !$*UTF8*$!
{
	archiveVersion = 1;
	classes = {
	};
	objectVersion = 46;
	objects = {

/* Begin PBXBuildFile section */
		FFC9AEF61981C33300103B4A /* PirateAttack.jpg in Resources */ = {isa = PBXBuildFile; fileRef = FFC9AEEA1981C33300103B4A /* PirateAttack.jpg */; };
		FFC9AEF71981C33300103B4A /* PirateBlacksmith.jpeg in Resources */ = {isa = PBXBuildFile; fileRef = FFC9AEEB1981C33300103B4A /* PirateBlacksmith.jpeg */; };
		FFC9AEF81981C33300103B4A /* PirateBoss.jpeg in Resources */ = {isa = PBXBuildFile; fileRef = FFC9AEEC1981C33300103B4A /* PirateBoss.jpeg */; };
		FFC9AEF91981C33300103B4A /* PirateFriendlyDock.jpg in Resources */ = {isa = PBXBuildFile; fileRef = FFC9AEED1981C33300103B4A /* PirateFriendlyDock.jpg */; };
		FFC9AEFA1981C33300103B4A /* PirateOctopusAttack.jpg in Resources */ = {isa = PBXBuildFile; fileRef = FFC9AEEE1981C33300103B4A /* PirateOctopusAttack.jpg */; };
		FFC9AEFB1981C33300103B4A /* PirateParrot.jpg in Resources */ = {isa = PBXBuildFile; fileRef = FFC9AEEF1981C33300103B4A /* PirateParrot.jpg */; };
		FFC9AEFC1981C33300103B4A /* PiratePlank.jpg in Resources */ = {isa = PBXBuildFile; fileRef = FFC9AEF01981C33300103B4A /* PiratePlank.jpg */; };
		FFC9AEFD1981C33300103B4A /* PirateShipBattle.jpeg in Resources */ = {isa = PBXBuildFile; fileRef = FFC9AEF11981C33300103B4A /* PirateShipBattle.jpeg */; };
		FFC9AEFE1981C33300103B4A /* PirateStart.jpg in Resources */ = {isa = PBXBuildFile; fileRef = FFC9AEF21981C33300103B4A /* PirateStart.jpg */; };
		FFC9AEFF1981C33300103B4A /* PirateTreasure.jpeg in Resources */ = {isa = PBXBuildFile; fileRef = FFC9AEF31981C33300103B4A /* PirateTreasure.jpeg */; };
		FFC9AF001981C33300103B4A /* PirateTreasurer2.jpeg in Resources */ = {isa = PBXBuildFile; fileRef = FFC9AEF41981C33300103B4A /* PirateTreasurer2.jpeg */; };
		FFC9AF011981C33300103B4A /* PirateWeapons.jpeg in Resources */ = {isa = PBXBuildFile; fileRef = FFC9AEF51981C33300103B4A /* PirateWeapons.jpeg */; };
		FFD6D4EB197CAB8400FBDDC2 /* main.m in Sources */ = {isa = PBXBuildFile; fileRef = FFD6D4EA197CAB8400FBDDC2 /* main.m */; };
		FFD6D4EE197CAB8400FBDDC2 /* AppDelegate.m in Sources */ = {isa = PBXBuildFile; fileRef = FFD6D4ED197CAB8400FBDDC2 /* AppDelegate.m */; };
		FFD6D4F1197CAB8400FBDDC2 /* ViewController.m in Sources */ = {isa = PBXBuildFile; fileRef = FFD6D4F0197CAB8400FBDDC2 /* ViewController.m */; };
		FFD6D4F4197CAB8400FBDDC2 /* Main.storyboard in Resources */ = {isa = PBXBuildFile; fileRef = FFD6D4F2197CAB8400FBDDC2 /* Main.storyboard */; };
		FFD6D4F6197CAB8400FBDDC2 /* Images.xcassets in Resources */ = {isa = PBXBuildFile; fileRef = FFD6D4F5197CAB8400FBDDC2 /* Images.xcassets */; };
		FFD6D502197CAB8400FBDDC2 /* Pirate_AdventureTests.m in Sources */ = {isa = PBXBuildFile; fileRef = FFD6D501197CAB8400FBDDC2 /* Pirate_AdventureTests.m */; };
		FFD6D50D197CABB300FBDDC2 /* Tile.m in Sources */ = {isa = PBXBuildFile; fileRef = FFD6D50C197CABB300FBDDC2 /* Tile.m */; };
		FFD6D510197CABBC00FBDDC2 /* Character.m in Sources */ = {isa = PBXBuildFile; fileRef = FFD6D50F197CABBC00FBDDC2 /* Character.m */; };
		FFD6D516197CABDD00FBDDC2 /* Weapon.m in Sources */ = {isa = PBXBuildFile; fileRef = FFD6D515197CABDD00FBDDC2 /* Weapon.m */; };
		FFD6D519197CABE400FBDDC2 /* Armor.m in Sources */ = {isa = PBXBuildFile; fileRef = FFD6D518197CABE400FBDDC2 /* Armor.m */; };
		FFD6D51C197CABF300FBDDC2 /* Boss.m in Sources */ = {isa = PBXBuildFile; fileRef = FFD6D51B197CABF300FBDDC2 /* Boss.m */; };
		FFD6D51F197CB08500FBDDC2 /* Game.m in Sources */ = {isa = PBXBuildFile; fileRef = FFD6D51E197CB08500FBDDC2 /* Game.m */; };
/* End PBXBuildFile section */

/* Begin PBXContainerItemProxy section */
		FFD6D4FC197CAB8400FBDDC2 /* PBXContainerItemProxy */ = {
			isa = PBXContainerItemProxy;
			containerPortal = FFD6D4DD197CAB8400FBDDC2 /* Project object */;
			proxyType = 1;
			remoteGlobalIDString = FFD6D4E4197CAB8400FBDDC2;
			remoteInfo = "Pirate Adventure";
		};
/* End PBXContainerItemProxy section */

/* Begin PBXFileReference section */
		FFC9AEEA1981C33300103B4A /* PirateAttack.jpg */ = {isa = PBXFileReference; lastKnownFileType = image.jpeg; path = PirateAttack.jpg; sourceTree = "<group>"; };
		FFC9AEEB1981C33300103B4A /* PirateBlacksmith.jpeg */ = {isa = PBXFileReference; lastKnownFileType = image.jpeg; path = PirateBlacksmith.jpeg; sourceTree = "<group>"; };
		FFC9AEEC1981C33300103B4A /* PirateBoss.jpeg */ = {isa = PBXFileReference; lastKnownFileType = image.jpeg; path = PirateBoss.jpeg; sourceTree = "<group>"; };
		FFC9AEED1981C33300103B4A /* PirateFriendlyDock.jpg */ = {isa = PBXFileReference; lastKnownFileType = image.jpeg; path = PirateFriendlyDock.jpg; sourceTree = "<group>"; };
		FFC9AEEE1981C33300103B4A /* PirateOctopusAttack.jpg */ = {isa = PBXFileReference; lastKnownFileType = image.jpeg; path = PirateOctopusAttack.jpg; sourceTree = "<group>"; };
		FFC9AEEF1981C33300103B4A /* PirateParrot.jpg */ = {isa = PBXFileReference; lastKnownFileType = image.jpeg; path = PirateParrot.jpg; sourceTree = "<group>"; };
		FFC9AEF01981C33300103B4A /* PiratePlank.jpg */ = {isa = PBXFileReference; lastKnownFileType = image.jpeg; path = PiratePlank.jpg; sourceTree = "<group>"; };
		FFC9AEF11981C33300103B4A /* PirateShipBattle.jpeg */ = {isa = PBXFileReference; lastKnownFileType = image.jpeg; path = PirateShipBattle.jpeg; sourceTree = "<group>"; };
		FFC9AEF21981C33300103B4A /* PirateStart.jpg */ = {isa = PBXFileReference; lastKnownFileType = image.jpeg; path = PirateStart.jpg; sourceTree = "<group>"; };
		FFC9AEF31981C33300103B4A /* PirateTreasure.jpeg */ = {isa = PBXFileReference; lastKnownFileType = image.jpeg; path = PirateTreasure.jpeg; sourceTree = "<group>"; };
		FFC9AEF41981C33300103B4A /* PirateTreasurer2.jpeg */ = {isa = PBXFileReference; lastKnownFileType = image.jpeg; path = PirateTreasurer2.jpeg; sourceTree = "<group>"; };
		FFC9AEF51981C33300103B4A /* PirateWeapons.jpeg */ = {isa = PBXFileReference; lastKnownFileType = image.jpeg; path = PirateWeapons.jpeg; sourceTree = "<group>"; };
		FFD6D4E5197CAB8400FBDDC2 /* Pirate Adventure.app */ = {isa = PBXFileReference; explicitFileType = wrapper.application; includeInIndex = 0; path = "Pirate Adventure.app"; sourceTree = BUILT_PRODUCTS_DIR; };
		FFD6D4E9197CAB8400FBDDC2 /* Info.plist */ = {isa = PBXFileReference; lastKnownFileType = text.plist.xml; path = Info.plist; sourceTree = "<group>"; };
		FFD6D4EA197CAB8400FBDDC2 /* main.m */ = {isa = PBXFileReference; lastKnownFileType = sourcecode.c.objc; path = main.m; sourceTree = "<group>"; };
		FFD6D4EC197CAB8400FBDDC2 /* AppDelegate.h */ = {isa = PBXFileReference; lastKnownFileType = sourcecode.c.h; path = AppDelegate.h; sourceTree = "<group>"; };
		FFD6D4ED197CAB8400FBDDC2 /* AppDelegate.m */ = {isa = PBXFileReference; lastKnownFileType = sourcecode.c.objc; path = AppDelegate.m; sourceTree = "<group>"; };
		FFD6D4EF197CAB8400FBDDC2 /* ViewController.h */ = {isa = PBXFileReference; lastKnownFileType = sourcecode.c.h; path = ViewController.h; sourceTree = "<group>"; };
		FFD6D4F0197CAB8400FBDDC2 /* ViewController.m */ = {isa = PBXFileReference; lastKnownFileType = sourcecode.c.objc; path = ViewController.m; sourceTree = "<group>"; };
		FFD6D4F3197CAB8400FBDDC2 /* Base */ = {isa = PBXFileReference; lastKnownFileType = file.storyboard; name = Base; path = Base.lproj/Main.storyboard; sourceTree = "<group>"; };
		FFD6D4F5197CAB8400FBDDC2 /* Images.xcassets */ = {isa = PBXFileReference; lastKnownFileType = folder.assetcatalog; path = Images.xcassets; sourceTree = "<group>"; };
		FFD6D4FB197CAB8400FBDDC2 /* Pirate AdventureTests.xctest */ = {isa = PBXFileReference; explicitFileType = wrapper.cfbundle; includeInIndex = 0; path = "Pirate AdventureTests.xctest"; sourceTree = BUILT_PRODUCTS_DIR; };
		FFD6D500197CAB8400FBDDC2 /* Info.plist */ = {isa = PBXFileReference; lastKnownFileType = text.plist.xml; path = Info.plist; sourceTree = "<group>"; };
		FFD6D501197CAB8400FBDDC2 /* Pirate_AdventureTests.m */ = {isa = PBXFileReference; lastKnownFileType = sourcecode.c.objc; path = Pirate_AdventureTests.m; sourceTree = "<group>"; };
		FFD6D50B197CABB300FBDDC2 /* Tile.h */ = {isa = PBXFileReference; fileEncoding = 4; lastKnownFileType = sourcecode.c.h; path = Tile.h; sourceTree = "<group>"; };
		FFD6D50C197CABB300FBDDC2 /* Tile.m */ = {isa = PBXFileReference; fileEncoding = 4; lastKnownFileType = sourcecode.c.objc; path = Tile.m; sourceTree = "<group>"; };
		FFD6D50E197CABBC00FBDDC2 /* Character.h */ = {isa = PBXFileReference; fileEncoding = 4; lastKnownFileType = sourcecode.c.h; path = Character.h; sourceTree = "<group>"; };
		FFD6D50F197CABBC00FBDDC2 /* Character.m */ = {isa = PBXFileReference; fileEncoding = 4; lastKnownFileType = sourcecode.c.objc; path = Character.m; sourceTree = "<group>"; };
		FFD6D514197CABDD00FBDDC2 /* Weapon.h */ = {isa = PBXFileReference; fileEncoding = 4; lastKnownFileType = sourcecode.c.h; path = Weapon.h; sourceTree = "<group>"; };
		FFD6D515197CABDD00FBDDC2 /* Weapon.m */ = {isa = PBXFileReference; fileEncoding = 4; lastKnownFileType = sourcecode.c.objc; path = Weapon.m; sourceTree = "<group>"; };
		FFD6D517197CABE400FBDDC2 /* Armor.h */ = {isa = PBXFileReference; fileEncoding = 4; lastKnownFileType = sourcecode.c.h; path = Armor.h; sourceTree = "<group>"; };
		FFD6D518197CABE400FBDDC2 /* Armor.m */ = {isa = PBXFileReference; fileEncoding = 4; lastKnownFileType = sourcecode.c.objc; path = Armor.m; sourceTree = "<group>"; };
		FFD6D51A197CABF300FBDDC2 /* Boss.h */ = {isa = PBXFileReference; fileEncoding = 4; lastKnownFileType = sourcecode.c.h; path = Boss.h; sourceTree = "<group>"; };
		FFD6D51B197CABF300FBDDC2 /* Boss.m */ = {isa = PBXFileReference; fileEncoding = 4; lastKnownFileType = sourcecode.c.objc; path = Boss.m; sourceTree = "<group>"; };
		FFD6D51D197CB08500FBDDC2 /* Game.h */ = {isa = PBXFileReference; fileEncoding = 4; lastKnownFileType = sourcecode.c.h; path = Game.h; sourceTree = "<group>"; };
		FFD6D51E197CB08500FBDDC2 /* Game.m */ = {isa = PBXFileReference; fileEncoding = 4; lastKnownFileType = sourcecode.c.objc; path = Game.m; sourceTree = "<group>"; };
/* End PBXFileReference section */

/* Begin PBXFrameworksBuildPhase section */
		FFD6D4E2197CAB8400FBDDC2 /* Frameworks */ = {
			isa = PBXFrameworksBuildPhase;
			buildActionMask = 2147483647;
			files = (
			);
			runOnlyForDeploymentPostprocessing = 0;
		};
		FFD6D4F8197CAB8400FBDDC2 /* Frameworks */ = {
			isa = PBXFrameworksBuildPhase;
			buildActionMask = 2147483647;
			files = (
			);
			runOnlyForDeploymentPostprocessing = 0;
		};
/* End PBXFrameworksBuildPhase section */

/* Begin PBXGroup section */
		FFD6D4DC197CAB8400FBDDC2 = {
			isa = PBXGroup;
			children = (
				FFD6D4E7197CAB8400FBDDC2 /* Pirate Adventure */,
				FFD6D4FE197CAB8400FBDDC2 /* Pirate AdventureTests */,
				FFD6D4E6197CAB8400FBDDC2 /* Products */,
			);
			sourceTree = "<group>";
		};
		FFD6D4E6197CAB8400FBDDC2 /* Products */ = {
			isa = PBXGroup;
			children = (
				FFD6D4E5197CAB8400FBDDC2 /* Pirate Adventure.app */,
				FFD6D4FB197CAB8400FBDDC2 /* Pirate AdventureTests.xctest */,
			);
			name = Products;
			sourceTree = "<group>";
		};
		FFD6D4E7197CAB8400FBDDC2 /* Pirate Adventure */ = {
			isa = PBXGroup;
			children = (
				FFD6D4EC197CAB8400FBDDC2 /* AppDelegate.h */,
				FFD6D4ED197CAB8400FBDDC2 /* AppDelegate.m */,
				FFD6D4EF197CAB8400FBDDC2 /* ViewController.h */,
				FFD6D4F0197CAB8400FBDDC2 /* ViewController.m */,
				FFD6D4F2197CAB8400FBDDC2 /* Main.storyboard */,
				FFD6D4F5197CAB8400FBDDC2 /* Images.xcassets */,
				FFD6D4E8197CAB8400FBDDC2 /* Supporting Files */,
				FFD6D50B197CABB300FBDDC2 /* Tile.h */,
				FFD6D50C197CABB300FBDDC2 /* Tile.m */,
				FFD6D50E197CABBC00FBDDC2 /* Character.h */,
				FFD6D50F197CABBC00FBDDC2 /* Character.m */,
				FFD6D514197CABDD00FBDDC2 /* Weapon.h */,
				FFD6D515197CABDD00FBDDC2 /* Weapon.m */,
				FFD6D51D197CB08500FBDDC2 /* Game.h */,
				FFD6D51E197CB08500FBDDC2 /* Game.m */,
				FFD6D517197CABE400FBDDC2 /* Armor.h */,
				FFD6D518197CABE400FBDDC2 /* Armor.m */,
				FFD6D51A197CABF300FBDDC2 /* Boss.h */,
				FFD6D51B197CABF300FBDDC2 /* Boss.m */,
			);
			path = "Pirate Adventure";
			sourceTree = "<group>";
		};
		FFD6D4E8197CAB8400FBDDC2 /* Supporting Files */ = {
			isa = PBXGroup;
			children = (
				FFC9AEEA1981C33300103B4A /* PirateAttack.jpg */,
				FFC9AEEB1981C33300103B4A /* PirateBlacksmith.jpeg */,
				FFC9AEEC1981C33300103B4A /* PirateBoss.jpeg */,
				FFC9AEED1981C33300103B4A /* PirateFriendlyDock.jpg */,
				FFC9AEEE1981C33300103B4A /* PirateOctopusAttack.jpg */,
				FFC9AEEF1981C33300103B4A /* PirateParrot.jpg */,
				FFC9AEF01981C33300103B4A /* PiratePlank.jpg */,
				FFC9AEF11981C33300103B4A /* PirateShipBattle.jpeg */,
				FFC9AEF21981C33300103B4A /* PirateStart.jpg */,
				FFC9AEF31981C33300103B4A /* PirateTreasure.jpeg */,
				FFC9AEF41981C33300103B4A /* PirateTreasurer2.jpeg */,
				FFC9AEF51981C33300103B4A /* PirateWeapons.jpeg */,
				FFD6D4E9197CAB8400FBDDC2 /* Info.plist */,
				FFD6D4EA197CAB8400FBDDC2 /* main.m */,
			);
			name = "Supporting Files";
			sourceTree = "<group>";
		};
		FFD6D4FE197CAB8400FBDDC2 /* Pirate AdventureTests */ = {
			isa = PBXGroup;
			children = (
				FFD6D501197CAB8400FBDDC2 /* Pirate_AdventureTests.m */,
				FFD6D4FF197CAB8400FBDDC2 /* Supporting Files */,
			);
			path = "Pirate AdventureTests";
			sourceTree = "<group>";
		};
		FFD6D4FF197CAB8400FBDDC2 /* Supporting Files */ = {
			isa = PBXGroup;
			children = (
				FFD6D500197CAB8400FBDDC2 /* Info.plist */,
			);
			name = "Supporting Files";
			sourceTree = "<group>";
		};
/* End PBXGroup section */

/* Begin PBXNativeTarget section */
		FFD6D4E4197CAB8400FBDDC2 /* Pirate Adventure */ = {
			isa = PBXNativeTarget;
			buildConfigurationList = FFD6D505197CAB8400FBDDC2 /* Build configuration list for PBXNativeTarget "Pirate Adventure" */;
			buildPhases = (
				FFD6D4E1197CAB8400FBDDC2 /* Sources */,
				FFD6D4E2197CAB8400FBDDC2 /* Frameworks */,
				FFD6D4E3197CAB8400FBDDC2 /* Resources */,
			);
			buildRules = (
			);
			dependencies = (
			);
			name = "Pirate Adventure";
			productName = "Pirate Adventure";
			productReference = FFD6D4E5197CAB8400FBDDC2 /* Pirate Adventure.app */;
			productType = "com.apple.product-type.application";
		};
		FFD6D4FA197CAB8400FBDDC2 /* Pirate AdventureTests */ = {
			isa = PBXNativeTarget;
			buildConfigurationList = FFD6D508197CAB8400FBDDC2 /* Build configuration list for PBXNativeTarget "Pirate AdventureTests" */;
			buildPhases = (
				FFD6D4F7197CAB8400FBDDC2 /* Sources */,
				FFD6D4F8197CAB8400FBDDC2 /* Frameworks */,
				FFD6D4F9197CAB8400FBDDC2 /* Resources */,
			);
			buildRules = (
			);
			dependencies = (
				FFD6D4FD197CAB8400FBDDC2 /* PBXTargetDependency */,
			);
			name = "Pirate AdventureTests";
			productName = "Pirate AdventureTests";
			productReference = FFD6D4FB197CAB8400FBDDC2 /* Pirate AdventureTests.xctest */;
			productType = "com.apple.product-type.bundle.unit-test";
		};
/* End PBXNativeTarget section */

/* Begin PBXProject section */
		FFD6D4DD197CAB8400FBDDC2 /* Project object */ = {
			isa = PBXProject;
			attributes = {
				LastUpgradeCheck = 0600;
				ORGANIZATIONNAME = bonobo;
				TargetAttributes = {
					FFD6D4E4197CAB8400FBDDC2 = {
						CreatedOnToolsVersion = 6.0;
					};
					FFD6D4FA197CAB8400FBDDC2 = {
						CreatedOnToolsVersion = 6.0;
						TestTargetID = FFD6D4E4197CAB8400FBDDC2;
					};
				};
			};
			buildConfigurationList = FFD6D4E0197CAB8400FBDDC2 /* Build configuration list for PBXProject "Pirate Adventure" */;
			compatibilityVersion = "Xcode 3.2";
			developmentRegion = English;
			hasScannedForEncodings = 0;
			knownRegions = (
				en,
				Base,
			);
			mainGroup = FFD6D4DC197CAB8400FBDDC2;
			productRefGroup = FFD6D4E6197CAB8400FBDDC2 /* Products */;
			projectDirPath = "";
			projectRoot = "";
			targets = (
				FFD6D4E4197CAB8400FBDDC2 /* Pirate Adventure */,
				FFD6D4FA197CAB8400FBDDC2 /* Pirate AdventureTests */,
			);
		};
/* End PBXProject section */

/* Begin PBXResourcesBuildPhase section */
		FFD6D4E3197CAB8400FBDDC2 /* Resources */ = {
			isa = PBXResourcesBuildPhase;
			buildActionMask = 2147483647;
			files = (
				FFC9AEF71981C33300103B4A /* PirateBlacksmith.jpeg in Resources */,
				FFC9AF001981C33300103B4A /* PirateTreasurer2.jpeg in Resources */,
				FFC9AEF81981C33300103B4A /* PirateBoss.jpeg in Resources */,
				FFC9AEFD1981C33300103B4A /* PirateShipBattle.jpeg in Resources */,
				FFC9AEFC1981C33300103B4A /* PiratePlank.jpg in Resources */,
				FFC9AEF91981C33300103B4A /* PirateFriendlyDock.jpg in Resources */,
				FFC9AF011981C33300103B4A /* PirateWeapons.jpeg in Resources */,
				FFC9AEF61981C33300103B4A /* PirateAttack.jpg in Resources */,
				FFC9AEFE1981C33300103B4A /* PirateStart.jpg in Resources */,
				FFC9AEFB1981C33300103B4A /* PirateParrot.jpg in Resources */,
				FFD6D4F4197CAB8400FBDDC2 /* Main.storyboard in Resources */,
				FFD6D4F6197CAB8400FBDDC2 /* Images.xcassets in Resources */,
				FFC9AEFA1981C33300103B4A /* PirateOctopusAttack.jpg in Resources */,
				FFC9AEFF1981C33300103B4A /* PirateTreasure.jpeg in Resources */,
			);
			runOnlyForDeploymentPostprocessing = 0;
		};
		FFD6D4F9197CAB8400FBDDC2 /* Resources */ = {
			isa = PBXResourcesBuildPhase;
			buildActionMask = 2147483647;
			files = (
			);
			runOnlyForDeploymentPostprocessing = 0;
		};
/* End PBXResourcesBuildPhase section */

/* Begin PBXSourcesBuildPhase section */
		FFD6D4E1197CAB8400FBDDC2 /* Sources */ = {
			isa = PBXSourcesBuildPhase;
			buildActionMask = 2147483647;
			files = (
				FFD6D516197CABDD00FBDDC2 /* Weapon.m in Sources */,
				FFD6D4F1197CAB8400FBDDC2 /* ViewController.m in Sources */,
				FFD6D510197CABBC00FBDDC2 /* Character.m in Sources */,
				FFD6D519197CABE400FBDDC2 /* Armor.m in Sources */,
				FFD6D4EE197CAB8400FBDDC2 /* AppDelegate.m in Sources */,
				FFD6D51F197CB08500FBDDC2 /* Game.m in Sources */,
				FFD6D4EB197CAB8400FBDDC2 /* main.m in Sources */,
				FFD6D51C197CABF300FBDDC2 /* Boss.m in Sources */,
				FFD6D50D197CABB300FBDDC2 /* Tile.m in Sources */,
			);
			runOnlyForDeploymentPostprocessing = 0;
		};
		FFD6D4F7197CAB8400FBDDC2 /* Sources */ = {
			isa = PBXSourcesBuildPhase;
			buildActionMask = 2147483647;
			files = (
				FFD6D502197CAB8400FBDDC2 /* Pirate_AdventureTests.m in Sources */,
			);
			runOnlyForDeploymentPostprocessing = 0;
		};
/* End PBXSourcesBuildPhase section */

/* Begin PBXTargetDependency section */
		FFD6D4FD197CAB8400FBDDC2 /* PBXTargetDependency */ = {
			isa = PBXTargetDependency;
			target = FFD6D4E4197CAB8400FBDDC2 /* Pirate Adventure */;
			targetProxy = FFD6D4FC197CAB8400FBDDC2 /* PBXContainerItemProxy */;
		};
/* End PBXTargetDependency section */

/* Begin PBXVariantGroup section */
		FFD6D4F2197CAB8400FBDDC2 /* Main.storyboard */ = {
			isa = PBXVariantGroup;
			children = (
				FFD6D4F3197CAB8400FBDDC2 /* Base */,
			);
			name = Main.storyboard;
			sourceTree = "<group>";
		};
/* End PBXVariantGroup section */

/* Begin XCBuildConfiguration section */
		FFD6D503197CAB8400FBDDC2 /* Debug */ = {
			isa = XCBuildConfiguration;
			buildSettings = {
				ALWAYS_SEARCH_USER_PATHS = NO;
				CLANG_CXX_LANGUAGE_STANDARD = "gnu++0x";
				CLANG_CXX_LIBRARY = "libc++";
				CLANG_ENABLE_MODULES = YES;
				CLANG_ENABLE_OBJC_ARC = YES;
				CLANG_WARN_BOOL_CONVERSION = YES;
				CLANG_WARN_CONSTANT_CONVERSION = YES;
				CLANG_WARN_DIRECT_OBJC_ISA_USAGE = YES_ERROR;
				CLANG_WARN_EMPTY_BODY = YES;
				CLANG_WARN_ENUM_CONVERSION = YES;
				CLANG_WARN_INT_CONVERSION = YES;
				CLANG_WARN_OBJC_ROOT_CLASS = YES_ERROR;
				CLANG_WARN_UNREACHABLE_CODE = YES;
				CLANG_WARN__DUPLICATE_METHOD_MATCH = YES;
				"CODE_SIGN_IDENTITY[sdk=iphoneos*]" = "iPhone Developer";
				COPY_PHASE_STRIP = NO;
				ENABLE_STRICT_OBJC_MSGSEND = YES;
				GCC_C_LANGUAGE_STANDARD = gnu99;
				GCC_DYNAMIC_NO_PIC = NO;
				GCC_OPTIMIZATION_LEVEL = 0;
				GCC_PREPROCESSOR_DEFINITIONS = (
					"DEBUG=1",
					"$(inherited)",
				);
				GCC_SYMBOLS_PRIVATE_EXTERN = NO;
				GCC_WARN_64_TO_32_BIT_CONVERSION = YES;
				GCC_WARN_ABOUT_RETURN_TYPE = YES_ERROR;
				GCC_WARN_UNDECLARED_SELECTOR = YES;
				GCC_WARN_UNINITIALIZED_AUTOS = YES_AGGRESSIVE;
				GCC_WARN_UNUSED_FUNCTION = YES;
				GCC_WARN_UNUSED_VARIABLE = YES;
				IPHONEOS_DEPLOYMENT_TARGET = 8.0;
				METAL_ENABLE_DEBUG_INFO = YES;
				ONLY_ACTIVE_ARCH = YES;
				SDKROOT = iphoneos;
			};
			name = Debug;
		};
		FFD6D504197CAB8400FBDDC2 /* Release */ = {
			isa = XCBuildConfiguration;
			buildSettings = {
				ALWAYS_SEARCH_USER_PATHS = NO;
				CLANG_CXX_LANGUAGE_STANDARD = "gnu++0x";
				CLANG_CXX_LIBRARY = "libc++";
				CLANG_ENABLE_MODULES = YES;
				CLANG_ENABLE_OBJC_ARC = YES;
				CLANG_WARN_BOOL_CONVERSION = YES;
				CLANG_WARN_CONSTANT_CONVERSION = YES;
				CLANG_WARN_DIRECT_OBJC_ISA_USAGE = YES_ERROR;
				CLANG_WARN_EMPTY_BODY = YES;
				CLANG_WARN_ENUM_CONVERSION = YES;
				CLANG_WARN_INT_CONVERSION = YES;
				CLANG_WARN_OBJC_ROOT_CLASS = YES_ERROR;
				CLANG_WARN_UNREACHABLE_CODE = YES;
				CLANG_WARN__DUPLICATE_METHOD_MATCH = YES;
				"CODE_SIGN_IDENTITY[sdk=iphoneos*]" = "iPhone Developer";
				COPY_PHASE_STRIP = YES;
				ENABLE_NS_ASSERTIONS = NO;
				ENABLE_STRICT_OBJC_MSGSEND = YES;
				GCC_C_LANGUAGE_STANDARD = gnu99;
				GCC_WARN_64_TO_32_BIT_CONVERSION = YES;
				GCC_WARN_ABOUT_RETURN_TYPE = YES_ERROR;
				GCC_WARN_UNDECLARED_SELECTOR = YES;
				GCC_WARN_UNINITIALIZED_AUTOS = YES_AGGRESSIVE;
				GCC_WARN_UNUSED_FUNCTION = YES;
				GCC_WARN_UNUSED_VARIABLE = YES;
				IPHONEOS_DEPLOYMENT_TARGET = 8.0;
				METAL_ENABLE_DEBUG_INFO = NO;
				SDKROOT = iphoneos;
				VALIDATE_PRODUCT = YES;
			};
			name = Release;
		};
		FFD6D506197CAB8400FBDDC2 /* Debug */ = {
			isa = XCBuildConfiguration;
			buildSettings = {
				ASSETCATALOG_COMPILER_APPICON_NAME = AppIcon;
				ASSETCATALOG_COMPILER_LAUNCHIMAGE_NAME = LaunchImage;
				INFOPLIST_FILE = "Pirate Adventure/Info.plist";
				LD_RUNPATH_SEARCH_PATHS = "$(inherited) @executable_path/Frameworks";
				PRODUCT_NAME = "$(TARGET_NAME)";
			};
			name = Debug;
		};
		FFD6D507197CAB8400FBDDC2 /* Release */ = {
			isa = XCBuildConfiguration;
			buildSettings = {
				ASSETCATALOG_COMPILER_APPICON_NAME = AppIcon;
				ASSETCATALOG_COMPILER_LAUNCHIMAGE_NAME = LaunchImage;
				INFOPLIST_FILE = "Pirate Adventure/Info.plist";
				LD_RUNPATH_SEARCH_PATHS = "$(inherited) @executable_path/Frameworks";
				PRODUCT_NAME = "$(TARGET_NAME)";
			};
			name = Release;
		};
		FFD6D509197CAB8400FBDDC2 /* Debug */ = {
			isa = XCBuildConfiguration;
			buildSettings = {
				BUNDLE_LOADER = "$(BUILT_PRODUCTS_DIR)/Pirate Adventure.app/Pirate Adventure";
				FRAMEWORK_SEARCH_PATHS = (
					"$(SDKROOT)/Developer/Library/Frameworks",
					"$(inherited)",
				);
				GCC_PREPROCESSOR_DEFINITIONS = (
					"DEBUG=1",
					"$(inherited)",
				);
				INFOPLIST_FILE = "Pirate AdventureTests/Info.plist";
				LD_RUNPATH_SEARCH_PATHS = "$(inherited) @executable_path/Frameworks @loader_path/Frameworks";
				METAL_ENABLE_DEBUG_INFO = YES;
				PRODUCT_NAME = "$(TARGET_NAME)";
				TEST_HOST = "$(BUNDLE_LOADER)";
			};
			name = Debug;
		};
		FFD6D50A197CAB8400FBDDC2 /* Release */ = {
			isa = XCBuildConfiguration;
			buildSettings = {
				BUNDLE_LOADER = "$(BUILT_PRODUCTS_DIR)/Pirate Adventure.app/Pirate Adventure";
				FRAMEWORK_SEARCH_PATHS = (
					"$(SDKROOT)/Developer/Library/Frameworks",
					"$(inherited)",
				);
				INFOPLIST_FILE = "Pirate AdventureTests/Info.plist";
				LD_RUNPATH_SEARCH_PATHS = "$(inherited) @executable_path/Frameworks @loader_path/Frameworks";
				METAL_ENABLE_DEBUG_INFO = NO;
				PRODUCT_NAME = "$(TARGET_NAME)";
				TEST_HOST = "$(BUNDLE_LOADER)";
			};
			name = Release;
		};
/* End XCBuildConfiguration section */

/* Begin XCConfigurationList section */
		FFD6D4E0197CAB8400FBDDC2 /* Build configuration list for PBXProject "Pirate Adventure" */ = {
			isa = XCConfigurationList;
			buildConfigurations = (
				FFD6D503197CAB8400FBDDC2 /* Debug */,
				FFD6D504197CAB8400FBDDC2 /* Release */,
			);
			defaultConfigurationIsVisible = 0;
			defaultConfigurationName = Release;
		};
		FFD6D505197CAB8400FBDDC2 /* Build configuration list for PBXNativeTarget "Pirate Adventure" */ = {
			isa = XCConfigurationList;
			buildConfigurations = (
				FFD6D506197CAB8400FBDDC2 /* Debug */,
				FFD6D507197CAB8400FBDDC2 /* Release */,
			);
			defaultConfigurationIsVisible = 0;
			defaultConfigurationName = Release;
		};
		FFD6D508197CAB8400FBDDC2 /* Build configuration list for PBXNativeTarget "Pirate AdventureTests" */ = {
			isa = XCConfigurationList;
			buildConfigurations = (
				FFD6D509197CAB8400FBDDC2 /* Debug */,
				FFD6D50A197CAB8400FBDDC2 /* Release */,
			);
			defaultConfigurationIsVisible = 0;
			defaultConfigurationName = Release;
		};
/* End XCConfigurationList section */
	};
	rootObject = FFD6D4DD197CAB8400FBDDC2 /* Project object */;
}
