// !$*UTF8*$!
{
	archiveVersion = 1;
	classes = {
	};
	objectVersion = 46;
	objects = {

/* Begin PBXBuildFile section */
		FFE4D4381970B3340049ABD8 /* main.m in Sources */ = {isa = PBXBuildFile; fileRef = FFE4D4371970B3340049ABD8 /* main.m */; };
		FFE4D43B1970B3340049ABD8 /* AppDelegate.m in Sources */ = {isa = PBXBuildFile; fileRef = FFE4D43A1970B3340049ABD8 /* AppDelegate.m */; };
		FFE4D43E1970B3340049ABD8 /* ViewController.m in Sources */ = {isa = PBXBuildFile; fileRef = FFE4D43D1970B3340049ABD8 /* ViewController.m */; };
		FFE4D4411970B3340049ABD8 /* Main.storyboard in Resources */ = {isa = PBXBuildFile; fileRef = FFE4D43F1970B3340049ABD8 /* Main.storyboard */; };
		FFE4D4431970B3340049ABD8 /* Images.xcassets in Resources */ = {isa = PBXBuildFile; fileRef = FFE4D4421970B3340049ABD8 /* Images.xcassets */; };
		FFE4D44F1970B3340049ABD8 /* _9_BeersTests.m in Sources */ = {isa = PBXBuildFile; fileRef = FFE4D44E1970B3340049ABD8 /* _9_BeersTests.m */; };
/* End PBXBuildFile section */

/* Begin PBXContainerItemProxy section */
		FFE4D4491970B3340049ABD8 /* PBXContainerItemProxy */ = {
			isa = PBXContainerItemProxy;
			containerPortal = FFE4D42A1970B3340049ABD8 /* Project object */;
			proxyType = 1;
			remoteGlobalIDString = FFE4D4311970B3340049ABD8;
			remoteInfo = "99 Beers";
		};
/* End PBXContainerItemProxy section */

/* Begin PBXFileReference section */
		FFE4D4321970B3340049ABD8 /* 99 Beers.app */ = {isa = PBXFileReference; explicitFileType = wrapper.application; includeInIndex = 0; path = "99 Beers.app"; sourceTree = BUILT_PRODUCTS_DIR; };
		FFE4D4361970B3340049ABD8 /* Info.plist */ = {isa = PBXFileReference; lastKnownFileType = text.plist.xml; path = Info.plist; sourceTree = "<group>"; };
		FFE4D4371970B3340049ABD8 /* main.m */ = {isa = PBXFileReference; lastKnownFileType = sourcecode.c.objc; path = main.m; sourceTree = "<group>"; };
		FFE4D4391970B3340049ABD8 /* AppDelegate.h */ = {isa = PBXFileReference; lastKnownFileType = sourcecode.c.h; path = AppDelegate.h; sourceTree = "<group>"; };
		FFE4D43A1970B3340049ABD8 /* AppDelegate.m */ = {isa = PBXFileReference; lastKnownFileType = sourcecode.c.objc; path = AppDelegate.m; sourceTree = "<group>"; };
		FFE4D43C1970B3340049ABD8 /* ViewController.h */ = {isa = PBXFileReference; lastKnownFileType = sourcecode.c.h; path = ViewController.h; sourceTree = "<group>"; };
		FFE4D43D1970B3340049ABD8 /* ViewController.m */ = {isa = PBXFileReference; lastKnownFileType = sourcecode.c.objc; path = ViewController.m; sourceTree = "<group>"; };
		FFE4D4401970B3340049ABD8 /* Base */ = {isa = PBXFileReference; lastKnownFileType = file.storyboard; name = Base; path = Base.lproj/Main.storyboard; sourceTree = "<group>"; };
		FFE4D4421970B3340049ABD8 /* Images.xcassets */ = {isa = PBXFileReference; lastKnownFileType = folder.assetcatalog; path = Images.xcassets; sourceTree = "<group>"; };
		FFE4D4481970B3340049ABD8 /* 99 BeersTests.xctest */ = {isa = PBXFileReference; explicitFileType = wrapper.cfbundle; includeInIndex = 0; path = "99 BeersTests.xctest"; sourceTree = BUILT_PRODUCTS_DIR; };
		FFE4D44D1970B3340049ABD8 /* Info.plist */ = {isa = PBXFileReference; lastKnownFileType = text.plist.xml; path = Info.plist; sourceTree = "<group>"; };
		FFE4D44E1970B3340049ABD8 /* _9_BeersTests.m */ = {isa = PBXFileReference; lastKnownFileType = sourcecode.c.objc; path = _9_BeersTests.m; sourceTree = "<group>"; };
/* End PBXFileReference section */

/* Begin PBXFrameworksBuildPhase section */
		FFE4D42F1970B3340049ABD8 /* Frameworks */ = {
			isa = PBXFrameworksBuildPhase;
			buildActionMask = 2147483647;
			files = (
			);
			runOnlyForDeploymentPostprocessing = 0;
		};
		FFE4D4451970B3340049ABD8 /* Frameworks */ = {
			isa = PBXFrameworksBuildPhase;
			buildActionMask = 2147483647;
			files = (
			);
			runOnlyForDeploymentPostprocessing = 0;
		};
/* End PBXFrameworksBuildPhase section */

/* Begin PBXGroup section */
		FFE4D4291970B3340049ABD8 = {
			isa = PBXGroup;
			children = (
				FFE4D4341970B3340049ABD8 /* 99 Beers */,
				FFE4D44B1970B3340049ABD8 /* 99 BeersTests */,
				FFE4D4331970B3340049ABD8 /* Products */,
			);
			sourceTree = "<group>";
		};
		FFE4D4331970B3340049ABD8 /* Products */ = {
			isa = PBXGroup;
			children = (
				FFE4D4321970B3340049ABD8 /* 99 Beers.app */,
				FFE4D4481970B3340049ABD8 /* 99 BeersTests.xctest */,
			);
			name = Products;
			sourceTree = "<group>";
		};
		FFE4D4341970B3340049ABD8 /* 99 Beers */ = {
			isa = PBXGroup;
			children = (
				FFE4D4391970B3340049ABD8 /* AppDelegate.h */,
				FFE4D43A1970B3340049ABD8 /* AppDelegate.m */,
				FFE4D43C1970B3340049ABD8 /* ViewController.h */,
				FFE4D43D1970B3340049ABD8 /* ViewController.m */,
				FFE4D43F1970B3340049ABD8 /* Main.storyboard */,
				FFE4D4421970B3340049ABD8 /* Images.xcassets */,
				FFE4D4351970B3340049ABD8 /* Supporting Files */,
			);
			path = "99 Beers";
			sourceTree = "<group>";
		};
		FFE4D4351970B3340049ABD8 /* Supporting Files */ = {
			isa = PBXGroup;
			children = (
				FFE4D4361970B3340049ABD8 /* Info.plist */,
				FFE4D4371970B3340049ABD8 /* main.m */,
			);
			name = "Supporting Files";
			sourceTree = "<group>";
		};
		FFE4D44B1970B3340049ABD8 /* 99 BeersTests */ = {
			isa = PBXGroup;
			children = (
				FFE4D44E1970B3340049ABD8 /* _9_BeersTests.m */,
				FFE4D44C1970B3340049ABD8 /* Supporting Files */,
			);
			path = "99 BeersTests";
			sourceTree = "<group>";
		};
		FFE4D44C1970B3340049ABD8 /* Supporting Files */ = {
			isa = PBXGroup;
			children = (
				FFE4D44D1970B3340049ABD8 /* Info.plist */,
			);
			name = "Supporting Files";
			sourceTree = "<group>";
		};
/* End PBXGroup section */

/* Begin PBXNativeTarget section */
		FFE4D4311970B3340049ABD8 /* 99 Beers */ = {
			isa = PBXNativeTarget;
			buildConfigurationList = FFE4D4521970B3340049ABD8 /* Build configuration list for PBXNativeTarget "99 Beers" */;
			buildPhases = (
				FFE4D42E1970B3340049ABD8 /* Sources */,
				FFE4D42F1970B3340049ABD8 /* Frameworks */,
				FFE4D4301970B3340049ABD8 /* Resources */,
			);
			buildRules = (
			);
			dependencies = (
			);
			name = "99 Beers";
			productName = "99 Beers";
			productReference = FFE4D4321970B3340049ABD8 /* 99 Beers.app */;
			productType = "com.apple.product-type.application";
		};
		FFE4D4471970B3340049ABD8 /* 99 BeersTests */ = {
			isa = PBXNativeTarget;
			buildConfigurationList = FFE4D4551970B3340049ABD8 /* Build configuration list for PBXNativeTarget "99 BeersTests" */;
			buildPhases = (
				FFE4D4441970B3340049ABD8 /* Sources */,
				FFE4D4451970B3340049ABD8 /* Frameworks */,
				FFE4D4461970B3340049ABD8 /* Resources */,
			);
			buildRules = (
			);
			dependencies = (
				FFE4D44A1970B3340049ABD8 /* PBXTargetDependency */,
			);
			name = "99 BeersTests";
			productName = "99 BeersTests";
			productReference = FFE4D4481970B3340049ABD8 /* 99 BeersTests.xctest */;
			productType = "com.apple.product-type.bundle.unit-test";
		};
/* End PBXNativeTarget section */

/* Begin PBXProject section */
		FFE4D42A1970B3340049ABD8 /* Project object */ = {
			isa = PBXProject;
			attributes = {
				LastUpgradeCheck = 0600;
				ORGANIZATIONNAME = bonobo;
				TargetAttributes = {
					FFE4D4311970B3340049ABD8 = {
						CreatedOnToolsVersion = 6.0;
					};
					FFE4D4471970B3340049ABD8 = {
						CreatedOnToolsVersion = 6.0;
						TestTargetID = FFE4D4311970B3340049ABD8;
					};
				};
			};
			buildConfigurationList = FFE4D42D1970B3340049ABD8 /* Build configuration list for PBXProject "99 Beers" */;
			compatibilityVersion = "Xcode 3.2";
			developmentRegion = English;
			hasScannedForEncodings = 0;
			knownRegions = (
				en,
				Base,
			);
			mainGroup = FFE4D4291970B3340049ABD8;
			productRefGroup = FFE4D4331970B3340049ABD8 /* Products */;
			projectDirPath = "";
			projectRoot = "";
			targets = (
				FFE4D4311970B3340049ABD8 /* 99 Beers */,
				FFE4D4471970B3340049ABD8 /* 99 BeersTests */,
			);
		};
/* End PBXProject section */

/* Begin PBXResourcesBuildPhase section */
		FFE4D4301970B3340049ABD8 /* Resources */ = {
			isa = PBXResourcesBuildPhase;
			buildActionMask = 2147483647;
			files = (
				FFE4D4411970B3340049ABD8 /* Main.storyboard in Resources */,
				FFE4D4431970B3340049ABD8 /* Images.xcassets in Resources */,
			);
			runOnlyForDeploymentPostprocessing = 0;
		};
		FFE4D4461970B3340049ABD8 /* Resources */ = {
			isa = PBXResourcesBuildPhase;
			buildActionMask = 2147483647;
			files = (
			);
			runOnlyForDeploymentPostprocessing = 0;
		};
/* End PBXResourcesBuildPhase section */

/* Begin PBXSourcesBuildPhase section */
		FFE4D42E1970B3340049ABD8 /* Sources */ = {
			isa = PBXSourcesBuildPhase;
			buildActionMask = 2147483647;
			files = (
				FFE4D43E1970B3340049ABD8 /* ViewController.m in Sources */,
				FFE4D43B1970B3340049ABD8 /* AppDelegate.m in Sources */,
				FFE4D4381970B3340049ABD8 /* main.m in Sources */,
			);
			runOnlyForDeploymentPostprocessing = 0;
		};
		FFE4D4441970B3340049ABD8 /* Sources */ = {
			isa = PBXSourcesBuildPhase;
			buildActionMask = 2147483647;
			files = (
				FFE4D44F1970B3340049ABD8 /* _9_BeersTests.m in Sources */,
			);
			runOnlyForDeploymentPostprocessing = 0;
		};
/* End PBXSourcesBuildPhase section */

/* Begin PBXTargetDependency section */
		FFE4D44A1970B3340049ABD8 /* PBXTargetDependency */ = {
			isa = PBXTargetDependency;
			target = FFE4D4311970B3340049ABD8 /* 99 Beers */;
			targetProxy = FFE4D4491970B3340049ABD8 /* PBXContainerItemProxy */;
		};
/* End PBXTargetDependency section */

/* Begin PBXVariantGroup section */
		FFE4D43F1970B3340049ABD8 /* Main.storyboard */ = {
			isa = PBXVariantGroup;
			children = (
				FFE4D4401970B3340049ABD8 /* Base */,
			);
			name = Main.storyboard;
			sourceTree = "<group>";
		};
/* End PBXVariantGroup section */

/* Begin XCBuildConfiguration section */
		FFE4D4501970B3340049ABD8 /* Debug */ = {
			isa = XCBuildConfiguration;
			buildSettings = {
				ALWAYS_SEARCH_USER_PATHS = NO;
				CLANG_CXX_LANGUAGE_STANDARD = "gnu++0x";
				CLANG_CXX_LIBRARY = "libc++";
				CLANG_ENABLE_MODULES = YES;
				CLANG_ENABLE_OBJC_ARC = YES;
				CLANG_WARN_BOOL_CONVERSION = YES;
				CLANG_WARN_CONSTANT_CONVERSION = YES;
				CLANG_WARN_DIRECT_OBJC_ISA_USAGE = YES_ERROR;
				CLANG_WARN_EMPTY_BODY = YES;
				CLANG_WARN_ENUM_CONVERSION = YES;
				CLANG_WARN_INT_CONVERSION = YES;
				CLANG_WARN_OBJC_ROOT_CLASS = YES_ERROR;
				CLANG_WARN_UNREACHABLE_CODE = YES;
				CLANG_WARN__DUPLICATE_METHOD_MATCH = YES;
				"CODE_SIGN_IDENTITY[sdk=iphoneos*]" = "iPhone Developer";
				COPY_PHASE_STRIP = NO;
				ENABLE_STRICT_OBJC_MSGSEND = YES;
				GCC_C_LANGUAGE_STANDARD = gnu99;
				GCC_DYNAMIC_NO_PIC = NO;
				GCC_OPTIMIZATION_LEVEL = 0;
				GCC_PREPROCESSOR_DEFINITIONS = (
					"DEBUG=1",
					"$(inherited)",
				);
				GCC_SYMBOLS_PRIVATE_EXTERN = NO;
				GCC_WARN_64_TO_32_BIT_CONVERSION = YES;
				GCC_WARN_ABOUT_RETURN_TYPE = YES_ERROR;
				GCC_WARN_UNDECLARED_SELECTOR = YES;
				GCC_WARN_UNINITIALIZED_AUTOS = YES_AGGRESSIVE;
				GCC_WARN_UNUSED_FUNCTION = YES;
				GCC_WARN_UNUSED_VARIABLE = YES;
				IPHONEOS_DEPLOYMENT_TARGET = 8.0;
				METAL_ENABLE_DEBUG_INFO = YES;
				ONLY_ACTIVE_ARCH = YES;
				SDKROOT = iphoneos;
			};
			name = Debug;
		};
		FFE4D4511970B3340049ABD8 /* Release */ = {
			isa = XCBuildConfiguration;
			buildSettings = {
				ALWAYS_SEARCH_USER_PATHS = NO;
				CLANG_CXX_LANGUAGE_STANDARD = "gnu++0x";
				CLANG_CXX_LIBRARY = "libc++";
				CLANG_ENABLE_MODULES = YES;
				CLANG_ENABLE_OBJC_ARC = YES;
				CLANG_WARN_BOOL_CONVERSION = YES;
				CLANG_WARN_CONSTANT_CONVERSION = YES;
				CLANG_WARN_DIRECT_OBJC_ISA_USAGE = YES_ERROR;
				CLANG_WARN_EMPTY_BODY = YES;
				CLANG_WARN_ENUM_CONVERSION = YES;
				CLANG_WARN_INT_CONVERSION = YES;
				CLANG_WARN_OBJC_ROOT_CLASS = YES_ERROR;
				CLANG_WARN_UNREACHABLE_CODE = YES;
				CLANG_WARN__DUPLICATE_METHOD_MATCH = YES;
				"CODE_SIGN_IDENTITY[sdk=iphoneos*]" = "iPhone Developer";
				COPY_PHASE_STRIP = YES;
				ENABLE_NS_ASSERTIONS = NO;
				ENABLE_STRICT_OBJC_MSGSEND = YES;
				GCC_C_LANGUAGE_STANDARD = gnu99;
				GCC_WARN_64_TO_32_BIT_CONVERSION = YES;
				GCC_WARN_ABOUT_RETURN_TYPE = YES_ERROR;
				GCC_WARN_UNDECLARED_SELECTOR = YES;
				GCC_WARN_UNINITIALIZED_AUTOS = YES_AGGRESSIVE;
				GCC_WARN_UNUSED_FUNCTION = YES;
				GCC_WARN_UNUSED_VARIABLE = YES;
				IPHONEOS_DEPLOYMENT_TARGET = 8.0;
				METAL_ENABLE_DEBUG_INFO = NO;
				SDKROOT = iphoneos;
				VALIDATE_PRODUCT = YES;
			};
			name = Release;
		};
		FFE4D4531970B3340049ABD8 /* Debug */ = {
			isa = XCBuildConfiguration;
			buildSettings = {
				ASSETCATALOG_COMPILER_APPICON_NAME = AppIcon;
				ASSETCATALOG_COMPILER_LAUNCHIMAGE_NAME = LaunchImage;
				INFOPLIST_FILE = "99 Beers/Info.plist";
				LD_RUNPATH_SEARCH_PATHS = "$(inherited) @executable_path/Frameworks";
				PRODUCT_NAME = "$(TARGET_NAME)";
			};
			name = Debug;
		};
		FFE4D4541970B3340049ABD8 /* Release */ = {
			isa = XCBuildConfiguration;
			buildSettings = {
				ASSETCATALOG_COMPILER_APPICON_NAME = AppIcon;
				ASSETCATALOG_COMPILER_LAUNCHIMAGE_NAME = LaunchImage;
				INFOPLIST_FILE = "99 Beers/Info.plist";
				LD_RUNPATH_SEARCH_PATHS = "$(inherited) @executable_path/Frameworks";
				PRODUCT_NAME = "$(TARGET_NAME)";
			};
			name = Release;
		};
		FFE4D4561970B3340049ABD8 /* Debug */ = {
			isa = XCBuildConfiguration;
			buildSettings = {
				BUNDLE_LOADER = "$(BUILT_PRODUCTS_DIR)/99 Beers.app/99 Beers";
				FRAMEWORK_SEARCH_PATHS = (
					"$(SDKROOT)/Developer/Library/Frameworks",
					"$(inherited)",
				);
				GCC_PREPROCESSOR_DEFINITIONS = (
					"DEBUG=1",
					"$(inherited)",
				);
				INFOPLIST_FILE = "99 BeersTests/Info.plist";
				LD_RUNPATH_SEARCH_PATHS = "$(inherited) @executable_path/Frameworks @loader_path/Frameworks";
				METAL_ENABLE_DEBUG_INFO = YES;
				PRODUCT_NAME = "$(TARGET_NAME)";
				TEST_HOST = "$(BUNDLE_LOADER)";
			};
			name = Debug;
		};
		FFE4D4571970B3340049ABD8 /* Release */ = {
			isa = XCBuildConfiguration;
			buildSettings = {
				BUNDLE_LOADER = "$(BUILT_PRODUCTS_DIR)/99 Beers.app/99 Beers";
				FRAMEWORK_SEARCH_PATHS = (
					"$(SDKROOT)/Developer/Library/Frameworks",
					"$(inherited)",
				);
				INFOPLIST_FILE = "99 BeersTests/Info.plist";
				LD_RUNPATH_SEARCH_PATHS = "$(inherited) @executable_path/Frameworks @loader_path/Frameworks";
				METAL_ENABLE_DEBUG_INFO = NO;
				PRODUCT_NAME = "$(TARGET_NAME)";
				TEST_HOST = "$(BUNDLE_LOADER)";
			};
			name = Release;
		};
/* End XCBuildConfiguration section */

/* Begin XCConfigurationList section */
		FFE4D42D1970B3340049ABD8 /* Build configuration list for PBXProject "99 Beers" */ = {
			isa = XCConfigurationList;
			buildConfigurations = (
				FFE4D4501970B3340049ABD8 /* Debug */,
				FFE4D4511970B3340049ABD8 /* Release */,
			);
			defaultConfigurationIsVisible = 0;
			defaultConfigurationName = Release;
		};
		FFE4D4521970B3340049ABD8 /* Build configuration list for PBXNativeTarget "99 Beers" */ = {
			isa = XCConfigurationList;
			buildConfigurations = (
				FFE4D4531970B3340049ABD8 /* Debug */,
				FFE4D4541970B3340049ABD8 /* Release */,
			);
			defaultConfigurationIsVisible = 0;
		};
		FFE4D4551970B3340049ABD8 /* Build configuration list for PBXNativeTarget "99 BeersTests" */ = {
			isa = XCConfigurationList;
			buildConfigurations = (
				FFE4D4561970B3340049ABD8 /* Debug */,
				FFE4D4571970B3340049ABD8 /* Release */,
			);
			defaultConfigurationIsVisible = 0;
		};
/* End XCConfigurationList section */
	};
	rootObject = FFE4D42A1970B3340049ABD8 /* Project object */;
}
