// !$*UTF8*$!
{
	archiveVersion = 1;
	classes = {
	};
	objectVersion = 46;
	objects = {

/* Begin PBXBuildFile section */
		FF1080081968340500770208 /* main.m in Sources */ = {isa = PBXBuildFile; fileRef = FF1080071968340500770208 /* main.m */; };
		FF10800B1968340500770208 /* AppDelegate.m in Sources */ = {isa = PBXBuildFile; fileRef = FF10800A1968340500770208 /* AppDelegate.m */; };
		FF10800E1968340500770208 /* ViewController.m in Sources */ = {isa = PBXBuildFile; fileRef = FF10800D1968340500770208 /* ViewController.m */; };
		FF1080111968340500770208 /* Main.storyboard in Resources */ = {isa = PBXBuildFile; fileRef = FF10800F1968340500770208 /* Main.storyboard */; };
		FF1080131968340500770208 /* Images.xcassets in Resources */ = {isa = PBXBuildFile; fileRef = FF1080121968340500770208 /* Images.xcassets */; };
		FF10801F1968340500770208 /* HelloWorldTests.m in Sources */ = {isa = PBXBuildFile; fileRef = FF10801E1968340500770208 /* HelloWorldTests.m */; };
		FF6AA20419684F2900FDC8CC /* nebula.png in Resources */ = {isa = PBXBuildFile; fileRef = FF6AA20319684F2900FDC8CC /* nebula.png */; };
/* End PBXBuildFile section */

/* Begin PBXContainerItemProxy section */
		FF1080191968340500770208 /* PBXContainerItemProxy */ = {
			isa = PBXContainerItemProxy;
			containerPortal = FF107FFA1968340500770208 /* Project object */;
			proxyType = 1;
			remoteGlobalIDString = FF1080011968340500770208;
			remoteInfo = HelloWorld;
		};
/* End PBXContainerItemProxy section */

/* Begin PBXFileReference section */
		FF1080021968340500770208 /* HelloWorld.app */ = {isa = PBXFileReference; explicitFileType = wrapper.application; includeInIndex = 0; path = HelloWorld.app; sourceTree = BUILT_PRODUCTS_DIR; };
		FF1080061968340500770208 /* Info.plist */ = {isa = PBXFileReference; lastKnownFileType = text.plist.xml; path = Info.plist; sourceTree = "<group>"; };
		FF1080071968340500770208 /* main.m */ = {isa = PBXFileReference; lastKnownFileType = sourcecode.c.objc; path = main.m; sourceTree = "<group>"; };
		FF1080091968340500770208 /* AppDelegate.h */ = {isa = PBXFileReference; lastKnownFileType = sourcecode.c.h; path = AppDelegate.h; sourceTree = "<group>"; };
		FF10800A1968340500770208 /* AppDelegate.m */ = {isa = PBXFileReference; lastKnownFileType = sourcecode.c.objc; path = AppDelegate.m; sourceTree = "<group>"; };
		FF10800C1968340500770208 /* ViewController.h */ = {isa = PBXFileReference; lastKnownFileType = sourcecode.c.h; path = ViewController.h; sourceTree = "<group>"; };
		FF10800D1968340500770208 /* ViewController.m */ = {isa = PBXFileReference; lastKnownFileType = sourcecode.c.objc; path = ViewController.m; sourceTree = "<group>"; };
		FF1080101968340500770208 /* Base */ = {isa = PBXFileReference; lastKnownFileType = file.storyboard; name = Base; path = Base.lproj/Main.storyboard; sourceTree = "<group>"; };
		FF1080121968340500770208 /* Images.xcassets */ = {isa = PBXFileReference; lastKnownFileType = folder.assetcatalog; path = Images.xcassets; sourceTree = "<group>"; };
		FF1080181968340500770208 /* HelloWorldTests.xctest */ = {isa = PBXFileReference; explicitFileType = wrapper.cfbundle; includeInIndex = 0; path = HelloWorldTests.xctest; sourceTree = BUILT_PRODUCTS_DIR; };
		FF10801D1968340500770208 /* Info.plist */ = {isa = PBXFileReference; lastKnownFileType = text.plist.xml; path = Info.plist; sourceTree = "<group>"; };
		FF10801E1968340500770208 /* HelloWorldTests.m */ = {isa = PBXFileReference; lastKnownFileType = sourcecode.c.objc; path = HelloWorldTests.m; sourceTree = "<group>"; };
		FF6AA20319684F2900FDC8CC /* nebula.png */ = {isa = PBXFileReference; lastKnownFileType = image.png; path = nebula.png; sourceTree = "<group>"; };
/* End PBXFileReference section */

/* Begin PBXFrameworksBuildPhase section */
		FF107FFF1968340500770208 /* Frameworks */ = {
			isa = PBXFrameworksBuildPhase;
			buildActionMask = 2147483647;
			files = (
			);
			runOnlyForDeploymentPostprocessing = 0;
		};
		FF1080151968340500770208 /* Frameworks */ = {
			isa = PBXFrameworksBuildPhase;
			buildActionMask = 2147483647;
			files = (
			);
			runOnlyForDeploymentPostprocessing = 0;
		};
/* End PBXFrameworksBuildPhase section */

/* Begin PBXGroup section */
		FF107FF91968340500770208 = {
			isa = PBXGroup;
			children = (
				FF1080041968340500770208 /* HelloWorld */,
				FF10801B1968340500770208 /* HelloWorldTests */,
				FF1080031968340500770208 /* Products */,
			);
			sourceTree = "<group>";
		};
		FF1080031968340500770208 /* Products */ = {
			isa = PBXGroup;
			children = (
				FF1080021968340500770208 /* HelloWorld.app */,
				FF1080181968340500770208 /* HelloWorldTests.xctest */,
			);
			name = Products;
			sourceTree = "<group>";
		};
		FF1080041968340500770208 /* HelloWorld */ = {
			isa = PBXGroup;
			children = (
				FF1080091968340500770208 /* AppDelegate.h */,
				FF10800A1968340500770208 /* AppDelegate.m */,
				FF10800C1968340500770208 /* ViewController.h */,
				FF10800D1968340500770208 /* ViewController.m */,
				FF10800F1968340500770208 /* Main.storyboard */,
				FF1080121968340500770208 /* Images.xcassets */,
				FF1080051968340500770208 /* Supporting Files */,
			);
			path = HelloWorld;
			sourceTree = "<group>";
		};
		FF1080051968340500770208 /* Supporting Files */ = {
			isa = PBXGroup;
			children = (
				FF6AA20319684F2900FDC8CC /* nebula.png */,
				FF1080061968340500770208 /* Info.plist */,
				FF1080071968340500770208 /* main.m */,
			);
			name = "Supporting Files";
			sourceTree = "<group>";
		};
		FF10801B1968340500770208 /* HelloWorldTests */ = {
			isa = PBXGroup;
			children = (
				FF10801E1968340500770208 /* HelloWorldTests.m */,
				FF10801C1968340500770208 /* Supporting Files */,
			);
			path = HelloWorldTests;
			sourceTree = "<group>";
		};
		FF10801C1968340500770208 /* Supporting Files */ = {
			isa = PBXGroup;
			children = (
				FF10801D1968340500770208 /* Info.plist */,
			);
			name = "Supporting Files";
			sourceTree = "<group>";
		};
/* End PBXGroup section */

/* Begin PBXNativeTarget section */
		FF1080011968340500770208 /* HelloWorld */ = {
			isa = PBXNativeTarget;
			buildConfigurationList = FF1080221968340500770208 /* Build configuration list for PBXNativeTarget "HelloWorld" */;
			buildPhases = (
				FF107FFE1968340500770208 /* Sources */,
				FF107FFF1968340500770208 /* Frameworks */,
				FF1080001968340500770208 /* Resources */,
			);
			buildRules = (
			);
			dependencies = (
			);
			name = HelloWorld;
			productName = HelloWorld;
			productReference = FF1080021968340500770208 /* HelloWorld.app */;
			productType = "com.apple.product-type.application";
		};
		FF1080171968340500770208 /* HelloWorldTests */ = {
			isa = PBXNativeTarget;
			buildConfigurationList = FF1080251968340500770208 /* Build configuration list for PBXNativeTarget "HelloWorldTests" */;
			buildPhases = (
				FF1080141968340500770208 /* Sources */,
				FF1080151968340500770208 /* Frameworks */,
				FF1080161968340500770208 /* Resources */,
			);
			buildRules = (
			);
			dependencies = (
				FF10801A1968340500770208 /* PBXTargetDependency */,
			);
			name = HelloWorldTests;
			productName = HelloWorldTests;
			productReference = FF1080181968340500770208 /* HelloWorldTests.xctest */;
			productType = "com.apple.product-type.bundle.unit-test";
		};
/* End PBXNativeTarget section */

/* Begin PBXProject section */
		FF107FFA1968340500770208 /* Project object */ = {
			isa = PBXProject;
			attributes = {
				LastUpgradeCheck = 0600;
				ORGANIZATIONNAME = bonobo;
				TargetAttributes = {
					FF1080011968340500770208 = {
						CreatedOnToolsVersion = 6.0;
					};
					FF1080171968340500770208 = {
						CreatedOnToolsVersion = 6.0;
						TestTargetID = FF1080011968340500770208;
					};
				};
			};
			buildConfigurationList = FF107FFD1968340500770208 /* Build configuration list for PBXProject "HelloWorld" */;
			compatibilityVersion = "Xcode 3.2";
			developmentRegion = English;
			hasScannedForEncodings = 0;
			knownRegions = (
				en,
				Base,
			);
			mainGroup = FF107FF91968340500770208;
			productRefGroup = FF1080031968340500770208 /* Products */;
			projectDirPath = "";
			projectRoot = "";
			targets = (
				FF1080011968340500770208 /* HelloWorld */,
				FF1080171968340500770208 /* HelloWorldTests */,
			);
		};
/* End PBXProject section */

/* Begin PBXResourcesBuildPhase section */
		FF1080001968340500770208 /* Resources */ = {
			isa = PBXResourcesBuildPhase;
			buildActionMask = 2147483647;
			files = (
				FF1080111968340500770208 /* Main.storyboard in Resources */,
				FF6AA20419684F2900FDC8CC /* nebula.png in Resources */,
				FF1080131968340500770208 /* Images.xcassets in Resources */,
			);
			runOnlyForDeploymentPostprocessing = 0;
		};
		FF1080161968340500770208 /* Resources */ = {
			isa = PBXResourcesBuildPhase;
			buildActionMask = 2147483647;
			files = (
			);
			runOnlyForDeploymentPostprocessing = 0;
		};
/* End PBXResourcesBuildPhase section */

/* Begin PBXSourcesBuildPhase section */
		FF107FFE1968340500770208 /* Sources */ = {
			isa = PBXSourcesBuildPhase;
			buildActionMask = 2147483647;
			files = (
				FF10800E1968340500770208 /* ViewController.m in Sources */,
				FF10800B1968340500770208 /* AppDelegate.m in Sources */,
				FF1080081968340500770208 /* main.m in Sources */,
			);
			runOnlyForDeploymentPostprocessing = 0;
		};
		FF1080141968340500770208 /* Sources */ = {
			isa = PBXSourcesBuildPhase;
			buildActionMask = 2147483647;
			files = (
				FF10801F1968340500770208 /* HelloWorldTests.m in Sources */,
			);
			runOnlyForDeploymentPostprocessing = 0;
		};
/* End PBXSourcesBuildPhase section */

/* Begin PBXTargetDependency section */
		FF10801A1968340500770208 /* PBXTargetDependency */ = {
			isa = PBXTargetDependency;
			target = FF1080011968340500770208 /* HelloWorld */;
			targetProxy = FF1080191968340500770208 /* PBXContainerItemProxy */;
		};
/* End PBXTargetDependency section */

/* Begin PBXVariantGroup section */
		FF10800F1968340500770208 /* Main.storyboard */ = {
			isa = PBXVariantGroup;
			children = (
				FF1080101968340500770208 /* Base */,
			);
			name = Main.storyboard;
			sourceTree = "<group>";
		};
/* End PBXVariantGroup section */

/* Begin XCBuildConfiguration section */
		FF1080201968340500770208 /* Debug */ = {
			isa = XCBuildConfiguration;
			buildSettings = {
				ALWAYS_SEARCH_USER_PATHS = NO;
				CLANG_CXX_LANGUAGE_STANDARD = "gnu++0x";
				CLANG_CXX_LIBRARY = "libc++";
				CLANG_ENABLE_MODULES = YES;
				CLANG_ENABLE_OBJC_ARC = YES;
				CLANG_WARN_BOOL_CONVERSION = YES;
				CLANG_WARN_CONSTANT_CONVERSION = YES;
				CLANG_WARN_DIRECT_OBJC_ISA_USAGE = YES_ERROR;
				CLANG_WARN_EMPTY_BODY = YES;
				CLANG_WARN_ENUM_CONVERSION = YES;
				CLANG_WARN_INT_CONVERSION = YES;
				CLANG_WARN_OBJC_ROOT_CLASS = YES_ERROR;
				CLANG_WARN_UNREACHABLE_CODE = YES;
				CLANG_WARN__DUPLICATE_METHOD_MATCH = YES;
				"CODE_SIGN_IDENTITY[sdk=iphoneos*]" = "iPhone Developer";
				COPY_PHASE_STRIP = NO;
				ENABLE_STRICT_OBJC_MSGSEND = YES;
				GCC_C_LANGUAGE_STANDARD = gnu99;
				GCC_DYNAMIC_NO_PIC = NO;
				GCC_OPTIMIZATION_LEVEL = 0;
				GCC_PREPROCESSOR_DEFINITIONS = (
					"DEBUG=1",
					"$(inherited)",
				);
				GCC_SYMBOLS_PRIVATE_EXTERN = NO;
				GCC_WARN_64_TO_32_BIT_CONVERSION = YES;
				GCC_WARN_ABOUT_RETURN_TYPE = YES_ERROR;
				GCC_WARN_UNDECLARED_SELECTOR = YES;
				GCC_WARN_UNINITIALIZED_AUTOS = YES_AGGRESSIVE;
				GCC_WARN_UNUSED_FUNCTION = YES;
				GCC_WARN_UNUSED_VARIABLE = YES;
				IPHONEOS_DEPLOYMENT_TARGET = 8.0;
				METAL_ENABLE_DEBUG_INFO = YES;
				ONLY_ACTIVE_ARCH = YES;
				SDKROOT = iphoneos;
			};
			name = Debug;
		};
		FF1080211968340500770208 /* Release */ = {
			isa = XCBuildConfiguration;
			buildSettings = {
				ALWAYS_SEARCH_USER_PATHS = NO;
				CLANG_CXX_LANGUAGE_STANDARD = "gnu++0x";
				CLANG_CXX_LIBRARY = "libc++";
				CLANG_ENABLE_MODULES = YES;
				CLANG_ENABLE_OBJC_ARC = YES;
				CLANG_WARN_BOOL_CONVERSION = YES;
				CLANG_WARN_CONSTANT_CONVERSION = YES;
				CLANG_WARN_DIRECT_OBJC_ISA_USAGE = YES_ERROR;
				CLANG_WARN_EMPTY_BODY = YES;
				CLANG_WARN_ENUM_CONVERSION = YES;
				CLANG_WARN_INT_CONVERSION = YES;
				CLANG_WARN_OBJC_ROOT_CLASS = YES_ERROR;
				CLANG_WARN_UNREACHABLE_CODE = YES;
				CLANG_WARN__DUPLICATE_METHOD_MATCH = YES;
				"CODE_SIGN_IDENTITY[sdk=iphoneos*]" = "iPhone Developer";
				COPY_PHASE_STRIP = YES;
				ENABLE_NS_ASSERTIONS = NO;
				ENABLE_STRICT_OBJC_MSGSEND = YES;
				GCC_C_LANGUAGE_STANDARD = gnu99;
				GCC_WARN_64_TO_32_BIT_CONVERSION = YES;
				GCC_WARN_ABOUT_RETURN_TYPE = YES_ERROR;
				GCC_WARN_UNDECLARED_SELECTOR = YES;
				GCC_WARN_UNINITIALIZED_AUTOS = YES_AGGRESSIVE;
				GCC_WARN_UNUSED_FUNCTION = YES;
				GCC_WARN_UNUSED_VARIABLE = YES;
				IPHONEOS_DEPLOYMENT_TARGET = 8.0;
				METAL_ENABLE_DEBUG_INFO = NO;
				SDKROOT = iphoneos;
				VALIDATE_PRODUCT = YES;
			};
			name = Release;
		};
		FF1080231968340500770208 /* Debug */ = {
			isa = XCBuildConfiguration;
			buildSettings = {
				ASSETCATALOG_COMPILER_APPICON_NAME = AppIcon;
				ASSETCATALOG_COMPILER_LAUNCHIMAGE_NAME = LaunchImage;
				CODE_SIGN_IDENTITY = "iPhone Developer";
				INFOPLIST_FILE = HelloWorld/Info.plist;
				LD_RUNPATH_SEARCH_PATHS = "$(inherited) @executable_path/Frameworks";
				PRODUCT_NAME = "$(TARGET_NAME)";
			};
			name = Debug;
		};
		FF1080241968340500770208 /* Release */ = {
			isa = XCBuildConfiguration;
			buildSettings = {
				ASSETCATALOG_COMPILER_APPICON_NAME = AppIcon;
				ASSETCATALOG_COMPILER_LAUNCHIMAGE_NAME = LaunchImage;
				CODE_SIGN_IDENTITY = "iPhone Developer";
				INFOPLIST_FILE = HelloWorld/Info.plist;
				LD_RUNPATH_SEARCH_PATHS = "$(inherited) @executable_path/Frameworks";
				PRODUCT_NAME = "$(TARGET_NAME)";
			};
			name = Release;
		};
		FF1080261968340500770208 /* Debug */ = {
			isa = XCBuildConfiguration;
			buildSettings = {
				BUNDLE_LOADER = "$(BUILT_PRODUCTS_DIR)/HelloWorld.app/HelloWorld";
				FRAMEWORK_SEARCH_PATHS = (
					"$(SDKROOT)/Developer/Library/Frameworks",
					"$(inherited)",
				);
				GCC_PREPROCESSOR_DEFINITIONS = (
					"DEBUG=1",
					"$(inherited)",
				);
				INFOPLIST_FILE = HelloWorldTests/Info.plist;
				LD_RUNPATH_SEARCH_PATHS = "$(inherited) @executable_path/Frameworks @loader_path/Frameworks";
				METAL_ENABLE_DEBUG_INFO = YES;
				PRODUCT_NAME = "$(TARGET_NAME)";
				TEST_HOST = "$(BUNDLE_LOADER)";
			};
			name = Debug;
		};
		FF1080271968340500770208 /* Release */ = {
			isa = XCBuildConfiguration;
			buildSettings = {
				BUNDLE_LOADER = "$(BUILT_PRODUCTS_DIR)/HelloWorld.app/HelloWorld";
				FRAMEWORK_SEARCH_PATHS = (
					"$(SDKROOT)/Developer/Library/Frameworks",
					"$(inherited)",
				);
				INFOPLIST_FILE = HelloWorldTests/Info.plist;
				LD_RUNPATH_SEARCH_PATHS = "$(inherited) @executable_path/Frameworks @loader_path/Frameworks";
				METAL_ENABLE_DEBUG_INFO = NO;
				PRODUCT_NAME = "$(TARGET_NAME)";
				TEST_HOST = "$(BUNDLE_LOADER)";
			};
			name = Release;
		};
/* End XCBuildConfiguration section */

/* Begin XCConfigurationList section */
		FF107FFD1968340500770208 /* Build configuration list for PBXProject "HelloWorld" */ = {
			isa = XCConfigurationList;
			buildConfigurations = (
				FF1080201968340500770208 /* Debug */,
				FF1080211968340500770208 /* Release */,
			);
			defaultConfigurationIsVisible = 0;
			defaultConfigurationName = Release;
		};
		FF1080221968340500770208 /* Build configuration list for PBXNativeTarget "HelloWorld" */ = {
			isa = XCConfigurationList;
			buildConfigurations = (
				FF1080231968340500770208 /* Debug */,
				FF1080241968340500770208 /* Release */,
			);
			defaultConfigurationIsVisible = 0;
			defaultConfigurationName = Release;
		};
		FF1080251968340500770208 /* Build configuration list for PBXNativeTarget "HelloWorldTests" */ = {
			isa = XCConfigurationList;
			buildConfigurations = (
				FF1080261968340500770208 /* Debug */,
				FF1080271968340500770208 /* Release */,
			);
			defaultConfigurationIsVisible = 0;
			defaultConfigurationName = Release;
		};
/* End XCConfigurationList section */
	};
	rootObject = FF107FFA1968340500770208 /* Project object */;
}
